{
  "lockfile_version": "1",
  "packages": {
    "colima@latest": {
      "last_modified": "2024-03-12T22:50:12Z",
      "resolved": "github:NixOS/nixpkgs/73bf415737ceb66a6298f806f600cfe4dccd0a41#colima",
      "source": "devbox-search",
      "version": "0.6.8",
      "systems": {
        "aarch64-darwin": {
          "outputs": [
            {
              "name": "out",
              "path": "/nix/store/cbacg8kdlcj0bghzq8d2zprp69rhc5aa-colima-0.6.8",
              "default": true
            }
          ],
          "store_path": "/nix/store/cbacg8kdlcj0bghzq8d2zprp69rhc5aa-colima-0.6.8"
        },
        "aarch64-linux": {
          "outputs": [
            {
              "name": "out",
              "path": "/nix/store/21nlasa3d1zfirmjilm9645l025jgq6n-colima-0.6.8",
              "default": true
            }
          ],
          "store_path": "/nix/store/21nlasa3d1zfirmjilm9645l025jgq6n-colima-0.6.8"
        },
        "x86_64-darwin": {
          "outputs": [
            {
              "name": "out",
              "path": "/nix/store/0njjwgiacccsm13kmrzksyck5hl9lmk5-colima-0.6.8",
              "default": true
            }
          ],
          "store_path": "/nix/store/0njjwgiacccsm13kmrzksyck5hl9lmk5-colima-0.6.8"
        },
        "x86_64-linux": {
          "outputs": [
            {
              "name": "out",
              "path": "/nix/store/clfnxdk8wc56cfjqfkn7a6x8b6wafrhn-colima-0.6.8",
              "default": true
            }
          ],
          "store_path": "/nix/store/clfnxdk8wc56cfjqfkn7a6x8b6wafrhn-colima-0.6.8"
        }
      }
    },
    "ctlptl@latest": {
      "last_modified": "2024-03-08T13:51:52Z",
      "resolved": "github:NixOS/nixpkgs/a343533bccc62400e8a9560423486a3b6c11a23b#ctlptl",
      "source": "devbox-search",
      "version": "0.8.28",
      "systems": {
        "aarch64-darwin": {
          "outputs": [
            {
              "name": "out",
              "path": "/nix/store/02l4gjzn8yg3qk6dm7bhjpbyrwv9s4nf-ctlptl-0.8.28",
              "default": true
            }
          ],
          "store_path": "/nix/store/02l4gjzn8yg3qk6dm7bhjpbyrwv9s4nf-ctlptl-0.8.28"
        },
        "aarch64-linux": {
          "outputs": [
            {
              "name": "out",
              "path": "/nix/store/xhhi6bigb7dn4s65xrsa4zrgmn1s5dmz-ctlptl-0.8.28",
              "default": true
            }
          ],
          "store_path": "/nix/store/xhhi6bigb7dn4s65xrsa4zrgmn1s5dmz-ctlptl-0.8.28"
        },
        "x86_64-darwin": {
          "outputs": [
            {
              "name": "out",
              "path": "/nix/store/lss2vqyajvyb43annrxw24jn4i4q3vdq-ctlptl-0.8.28",
              "default": true
            }
          ],
          "store_path": "/nix/store/lss2vqyajvyb43annrxw24jn4i4q3vdq-ctlptl-0.8.28"
        },
        "x86_64-linux": {
          "outputs": [
            {
              "name": "out",
              "path": "/nix/store/4xd7k4i98w8l23m3v408y5a3kdbn5pr1-ctlptl-0.8.28",
              "default": true
            }
          ],
          "store_path": "/nix/store/4xd7k4i98w8l23m3v408y5a3kdbn5pr1-ctlptl-0.8.28"
        }
      }
    },
    "docker-client@latest": {
      "last_modified": "2024-03-16T16:57:42Z",
      "resolved": "github:NixOS/nixpkgs/d211b80d2944a41899a6ab24009d9729cca05e49#docker-client",
      "source": "devbox-search",
      "version": "24.0.5",
      "systems": {
        "aarch64-darwin": {
          "outputs": [
            {
              "name": "out",
              "path": "/nix/store/1w9srwajcl8nj4xjs8abv2shihga64w7-docker-24.0.5",
              "default": true
            }
          ],
          "store_path": "/nix/store/1w9srwajcl8nj4xjs8abv2shihga64w7-docker-24.0.5"
        },
        "aarch64-linux": {
          "outputs": [
            {
              "name": "out",
              "path": "/nix/store/7pjbfcw7nr925aik1cs82bjw4khb4c17-docker-24.0.5",
              "default": true
            }
          ],
          "store_path": "/nix/store/7pjbfcw7nr925aik1cs82bjw4khb4c17-docker-24.0.5"
        },
        "x86_64-darwin": {
          "outputs": [
            {
              "name": "out",
              "path": "/nix/store/lp9sc047cwf8nhxlcsnfzz43f32fl2j8-docker-24.0.5",
              "default": true
            }
          ],
          "store_path": "/nix/store/lp9sc047cwf8nhxlcsnfzz43f32fl2j8-docker-24.0.5"
        },
        "x86_64-linux": {
          "outputs": [
            {
              "name": "out",
              "path": "/nix/store/fbm1g7py00d0fslk6pizzy9ci3w6r7n6-docker-24.0.5",
              "default": true
            }
          ],
          "store_path": "/nix/store/fbm1g7py00d0fslk6pizzy9ci3w6r7n6-docker-24.0.5"
        }
      }
    },
    "k3d@latest": {
      "last_modified": "2024-03-08T13:51:52Z",
      "resolved": "github:NixOS/nixpkgs/a343533bccc62400e8a9560423486a3b6c11a23b#k3d",
      "source": "devbox-search",
      "version": "5.6.0",
      "systems": {
        "aarch64-darwin": {
          "outputs": [
            {
              "name": "out",
              "path": "/nix/store/vh8a7qzin9b8w6vgm36vmk3zv61a1vl2-k3d-5.6.0",
              "default": true
            }
          ],
          "store_path": "/nix/store/vh8a7qzin9b8w6vgm36vmk3zv61a1vl2-k3d-5.6.0"
        },
        "aarch64-linux": {
          "outputs": [
            {
              "name": "out",
              "path": "/nix/store/5p1wz3ipb4d24a13yqmgc84sdmhjl15r-k3d-5.6.0",
              "default": true
            }
          ],
          "store_path": "/nix/store/5p1wz3ipb4d24a13yqmgc84sdmhjl15r-k3d-5.6.0"
        },
        "x86_64-darwin": {
          "outputs": [
            {
              "name": "out",
              "path": "/nix/store/c5787hjq55610hmv4ci7rcn5dzf16ajk-k3d-5.6.0",
              "default": true
            }
          ],
          "store_path": "/nix/store/c5787hjq55610hmv4ci7rcn5dzf16ajk-k3d-5.6.0"
        },
        "x86_64-linux": {
          "outputs": [
            {
              "name": "out",
              "path": "/nix/store/vzmpil1r2i7vamf0rqam0dzcnybvifjb-k3d-5.6.0",
              "default": true
            }
          ],
          "store_path": "/nix/store/vzmpil1r2i7vamf0rqam0dzcnybvifjb-k3d-5.6.0"
        }
      }
    },
    "kubectl@latest": {
      "last_modified": "2024-03-18T12:38:16Z",
      "resolved": "github:NixOS/nixpkgs/e367f7a1fb93137af22a3908f00b9a35e2d286a7#kubectl",
      "source": "devbox-search",
      "version": "1.29.3",
      "systems": {
        "aarch64-darwin": {
          "outputs": [
            {
              "name": "out",
              "path": "/nix/store/qrfxb19jr53r2kcsvga8wvg25v5dwyjh-kubectl-1.29.3",
              "default": true
            },
            {
              "name": "man",
              "path": "/nix/store/2m9dv8cvh6f90di79cmld40hmniw3h0i-kubectl-1.29.3-man",
              "default": true
            },
            {
              "name": "convert",
              "path": "/nix/store/j9rqnfgamf15lp5ijnp916hp3hl42xz8-kubectl-1.29.3-convert"
            }
          ],
          "store_path": "/nix/store/qrfxb19jr53r2kcsvga8wvg25v5dwyjh-kubectl-1.29.3"
        },
        "aarch64-linux": {
          "outputs": [
            {
              "name": "out",
              "path": "/nix/store/hmdnw2aivd5ywvg8h2d9sjghpp91jqmm-kubectl-1.29.3",
              "default": true
            },
            {
              "name": "man",
              "path": "/nix/store/av4rh67mx52js37csgyhl296bnp0z07s-kubectl-1.29.3-man",
              "default": true
            },
            {
              "name": "convert",
              "path": "/nix/store/w3pma5nyyxizibg6pbc6m1lqr0rfamn5-kubectl-1.29.3-convert"
            }
          ],
          "store_path": "/nix/store/hmdnw2aivd5ywvg8h2d9sjghpp91jqmm-kubectl-1.29.3"
        },
        "x86_64-darwin": {
          "outputs": [
            {
              "name": "out",
              "path": "/nix/store/1xvm25fyz9afncqgjxixjsjxfihvqf9k-kubectl-1.29.3",
              "default": true
            },
            {
              "name": "man",
              "path": "/nix/store/351mgjyq1jllp6347v71zpk54j7bws0w-kubectl-1.29.3-man",
              "default": true
            },
            {
              "name": "convert",
              "path": "/nix/store/4mf6d3vzql08zkg8rwac6y5nsjkcv6d1-kubectl-1.29.3-convert"
            }
          ],
          "store_path": "/nix/store/1xvm25fyz9afncqgjxixjsjxfihvqf9k-kubectl-1.29.3"
        },
        "x86_64-linux": {
          "outputs": [
            {
              "name": "out",
              "path": "/nix/store/xha7i9pddiz31bm9cr33njwnmzdpd3rf-kubectl-1.29.3",
              "default": true
            },
            {
              "name": "man",
              "path": "/nix/store/7alsjj9dc5j2xj28v6c0369wa7v1qgg0-kubectl-1.29.3-man",
              "default": true
            },
            {
              "name": "convert",
              "path": "/nix/store/gn5sj2jjwy2fvikgjkc76h8lagyszys0-kubectl-1.29.3-convert"
            }
          ],
          "store_path": "/nix/store/xha7i9pddiz31bm9cr33njwnmzdpd3rf-kubectl-1.29.3"
        }
      }
    },
    "kubernetes-helm@latest": {
      "last_modified": "2024-03-14T09:34:31Z",
      "resolved": "github:NixOS/nixpkgs/bd5ddf2c6bfafff031edf80221e1ee94e86ca10a#kubernetes-helm",
      "source": "devbox-search",
      "version": "3.14.3",
      "systems": {
        "aarch64-darwin": {
          "outputs": [
            {
              "name": "out",
              "path": "/nix/store/zy9621qww3klbwkffz2pp9kh3p0hdfs3-kubernetes-helm-3.14.3",
              "default": true
            }
          ],
          "store_path": "/nix/store/zy9621qww3klbwkffz2pp9kh3p0hdfs3-kubernetes-helm-3.14.3"
        },
        "aarch64-linux": {
          "outputs": [
            {
              "name": "out",
              "path": "/nix/store/ki8zl3ccm68ma3kyjcnzdgfh4wslr2l6-kubernetes-helm-3.14.3",
              "default": true
            }
          ],
          "store_path": "/nix/store/ki8zl3ccm68ma3kyjcnzdgfh4wslr2l6-kubernetes-helm-3.14.3"
        },
        "x86_64-darwin": {
          "outputs": [
            {
              "name": "out",
              "path": "/nix/store/l6d6j4q4af0dhmjha0c7d010f3hj16b6-kubernetes-helm-3.14.3",
              "default": true
            }
          ],
          "store_path": "/nix/store/l6d6j4q4af0dhmjha0c7d010f3hj16b6-kubernetes-helm-3.14.3"
        },
        "x86_64-linux": {
          "outputs": [
            {
              "name": "out",
              "path": "/nix/store/dnnm27a9s71pkgb7wjrdiw8gf9f7a003-kubernetes-helm-3.14.3",
              "default": true
            }
          ],
          "store_path": "/nix/store/dnnm27a9s71pkgb7wjrdiw8gf9f7a003-kubernetes-helm-3.14.3"
        }
      }
    },
    "lima-bin@latest": {
      "last_modified": "2024-03-12T22:50:12Z",
      "resolved": "github:NixOS/nixpkgs/73bf415737ceb66a6298f806f600cfe4dccd0a41#lima-bin",
      "source": "devbox-search",
      "version": "0.20.2",
      "systems": {
        "aarch64-darwin": {
          "outputs": [
            {
              "name": "out",
              "path": "/nix/store/hxv23lmhwq46wbirrkv19775q4ijrb7i-lima-0.20.2",
              "default": true
            }
          ],
          "store_path": "/nix/store/hxv23lmhwq46wbirrkv19775q4ijrb7i-lima-0.20.2"
        },
        "aarch64-linux": {
          "outputs": [
            {
              "name": "out",
              "path": "/nix/store/8132prmmgxp5fhvfpm66zqn819n4gmw9-lima-0.20.2",
              "default": true
            }
          ],
          "store_path": "/nix/store/8132prmmgxp5fhvfpm66zqn819n4gmw9-lima-0.20.2"
        },
        "x86_64-darwin": {
          "outputs": [
            {
              "name": "out",
              "path": "/nix/store/364j83a2aqn53kabyrrh7di61hcjsbmc-lima-0.20.2",
              "default": true
            }
          ],
          "store_path": "/nix/store/364j83a2aqn53kabyrrh7di61hcjsbmc-lima-0.20.2"
        },
        "x86_64-linux": {
          "outputs": [
            {
              "name": "out",
              "path": "/nix/store/90192rc8ia55zc0gr3zdf1fsq4s5lzkp-lima-0.20.2",
              "default": true
            }
          ],
          "store_path": "/nix/store/90192rc8ia55zc0gr3zdf1fsq4s5lzkp-lima-0.20.2"
        }
      }
    },
    "yq-go@latest": {
      "last_modified": "2024-03-08T13:51:52Z",
      "resolved": "github:NixOS/nixpkgs/a343533bccc62400e8a9560423486a3b6c11a23b#yq-go",
      "source": "devbox-search",
      "version": "4.42.1",
      "systems": {
        "aarch64-darwin": {
          "outputs": [
            {
              "name": "out",
              "path": "/nix/store/wxybasyxilp1qgpydqi6d7grkq8s8di7-yq-go-4.42.1",
              "default": true
            }
          ],
          "store_path": "/nix/store/wxybasyxilp1qgpydqi6d7grkq8s8di7-yq-go-4.42.1"
        },
        "aarch64-linux": {
          "outputs": [
            {
              "name": "out",
              "path": "/nix/store/6v31sfsyiyj60gbbmzkskppq9hswkir3-yq-go-4.42.1",
              "default": true
            }
          ],
          "store_path": "/nix/store/6v31sfsyiyj60gbbmzkskppq9hswkir3-yq-go-4.42.1"
        },
        "x86_64-darwin": {
          "outputs": [
            {
              "name": "out",
              "path": "/nix/store/mcg1ham25ffhpjl5zhldx4jf3wk7jrsz-yq-go-4.42.1",
              "default": true
            }
          ],
          "store_path": "/nix/store/mcg1ham25ffhpjl5zhldx4jf3wk7jrsz-yq-go-4.42.1"
        },
        "x86_64-linux": {
          "outputs": [
            {
              "name": "out",
              "path": "/nix/store/3k6mnwa7kfld61cmk4p1lkm0kl3ladlm-yq-go-4.42.1",
              "default": true
            }
          ],
          "store_path": "/nix/store/3k6mnwa7kfld61cmk4p1lkm0kl3ladlm-yq-go-4.42.1"
        }
      }
    }
  }
}
