{
  "lockfile_version": "1",
  "packages": {
    "colima@latest": {
      "last_modified": "2024-05-29T10:04:41Z",
      "resolved": "github:NixOS/nixpkgs/ac82a513e55582291805d6f09d35b6d8b60637a1#colima",
      "source": "devbox-search",
      "version": "0.6.9",
      "systems": {
        "aarch64-darwin": {
          "outputs": [
            {
              "name": "out",
              "path": "/nix/store/y4ippqqkqr8ajj6svd9am0nvqxcxyqpa-colima-0.6.9",
              "default": true
            }
          ],
          "store_path": "/nix/store/y4ippqqkqr8ajj6svd9am0nvqxcxyqpa-colima-0.6.9"
        },
        "aarch64-linux": {
          "outputs": [
            {
              "name": "out",
              "path": "/nix/store/nbbfnidysbvxwx501s219a5lwpxggrr7-colima-0.6.9",
              "default": true
            }
          ],
          "store_path": "/nix/store/nbbfnidysbvxwx501s219a5lwpxggrr7-colima-0.6.9"
        },
        "x86_64-darwin": {
          "outputs": [
            {
              "name": "out",
              "path": "/nix/store/5ri749ngr6sclwffcswnigz9j69rh21i-colima-0.6.9",
              "default": true
            }
          ],
          "store_path": "/nix/store/5ri749ngr6sclwffcswnigz9j69rh21i-colima-0.6.9"
        },
        "x86_64-linux": {
          "outputs": [
            {
              "name": "out",
              "path": "/nix/store/p4z5kjymazdf8nh23vr6pgridiwnmbpn-colima-0.6.9",
              "default": true
            }
          ],
          "store_path": "/nix/store/p4z5kjymazdf8nh23vr6pgridiwnmbpn-colima-0.6.9"
        }
      }
    },
    "ctlptl@latest": {
      "last_modified": "2024-05-25T06:46:41Z",
      "resolved": "github:NixOS/nixpkgs/47e03a624662ce399e55c45a5f6da698fc72c797#ctlptl",
      "source": "devbox-search",
      "version": "0.8.29",
      "systems": {
        "aarch64-darwin": {
          "outputs": [
            {
              "name": "out",
              "path": "/nix/store/s4vqm2ddqmb1g4j8arnrsx81k8737sdh-ctlptl-0.8.29",
              "default": true
            }
          ],
          "store_path": "/nix/store/s4vqm2ddqmb1g4j8arnrsx81k8737sdh-ctlptl-0.8.29"
        },
        "aarch64-linux": {
          "outputs": [
            {
              "name": "out",
              "path": "/nix/store/qaiyh04n64ncl8nirbrsal4y1awyzysc-ctlptl-0.8.29",
              "default": true
            }
          ],
          "store_path": "/nix/store/qaiyh04n64ncl8nirbrsal4y1awyzysc-ctlptl-0.8.29"
        },
        "x86_64-darwin": {
          "outputs": [
            {
              "name": "out",
              "path": "/nix/store/aldlnckqqfkin6c5jlc9cf1ywl61zlc1-ctlptl-0.8.29",
              "default": true
            }
          ],
          "store_path": "/nix/store/aldlnckqqfkin6c5jlc9cf1ywl61zlc1-ctlptl-0.8.29"
        },
        "x86_64-linux": {
          "outputs": [
            {
              "name": "out",
              "path": "/nix/store/gbms6nxrmzla6q2ld49qkr787fgyg1bn-ctlptl-0.8.29",
              "default": true
            }
          ],
          "store_path": "/nix/store/gbms6nxrmzla6q2ld49qkr787fgyg1bn-ctlptl-0.8.29"
        }
      }
    },
    "docker-client@latest": {
      "last_modified": "2024-05-22T06:18:38Z",
      "resolved": "github:NixOS/nixpkgs/3f316d2a50699a78afe5e77ca486ad553169061e#docker-client",
      "source": "devbox-search",
      "version": "24.0.9",
      "systems": {
        "aarch64-darwin": {
          "outputs": [
            {
              "name": "out",
              "path": "/nix/store/xpg0zv3r2pjz895cx95av82rd8453wqi-docker-24.0.9",
              "default": true
            }
          ],
          "store_path": "/nix/store/xpg0zv3r2pjz895cx95av82rd8453wqi-docker-24.0.9"
        },
        "aarch64-linux": {
          "outputs": [
            {
              "name": "out",
              "path": "/nix/store/bdv0vblvciq81qskyrzvnxxh1272b98r-docker-24.0.9",
              "default": true
            }
          ],
          "store_path": "/nix/store/bdv0vblvciq81qskyrzvnxxh1272b98r-docker-24.0.9"
        },
        "x86_64-darwin": {
          "outputs": [
            {
              "name": "out",
              "path": "/nix/store/q2jyz2n42gpbk48vhbbc7q16wwzxprn2-docker-24.0.9",
              "default": true
            }
          ],
          "store_path": "/nix/store/q2jyz2n42gpbk48vhbbc7q16wwzxprn2-docker-24.0.9"
        },
        "x86_64-linux": {
          "outputs": [
            {
              "name": "out",
              "path": "/nix/store/hw90wjgxxcd20p191ywb2fqic8r69bfh-docker-24.0.9",
              "default": true
            }
          ],
          "store_path": "/nix/store/hw90wjgxxcd20p191ywb2fqic8r69bfh-docker-24.0.9"
        }
      }
    },
    "envsubst@latest": {
      "last_modified": "2024-05-22T06:18:38Z",
      "resolved": "github:NixOS/nixpkgs/3f316d2a50699a78afe5e77ca486ad553169061e#envsubst",
      "source": "devbox-search",
      "version": "1.4.2",
      "systems": {
        "aarch64-darwin": {
          "outputs": [
            {
              "name": "out",
              "path": "/nix/store/9fv03b9zy4nq1316njb2yc1i45ag3py9-envsubst-1.4.2",
              "default": true
            }
          ],
          "store_path": "/nix/store/9fv03b9zy4nq1316njb2yc1i45ag3py9-envsubst-1.4.2"
        },
        "aarch64-linux": {
          "outputs": [
            {
              "name": "out",
              "path": "/nix/store/8a6gfs1wxmd1yady0rg0dc843sgpxn1f-envsubst-1.4.2",
              "default": true
            }
          ],
          "store_path": "/nix/store/8a6gfs1wxmd1yady0rg0dc843sgpxn1f-envsubst-1.4.2"
        },
        "x86_64-darwin": {
          "outputs": [
            {
              "name": "out",
              "path": "/nix/store/am9hsk62krixjq4qs6k56jn4ajcclh88-envsubst-1.4.2",
              "default": true
            }
          ],
          "store_path": "/nix/store/am9hsk62krixjq4qs6k56jn4ajcclh88-envsubst-1.4.2"
        },
        "x86_64-linux": {
          "outputs": [
            {
              "name": "out",
              "path": "/nix/store/8jfd15711zjz6d7lib09j40arfn24z7z-envsubst-1.4.2",
              "default": true
            }
          ],
          "store_path": "/nix/store/8jfd15711zjz6d7lib09j40arfn24z7z-envsubst-1.4.2"
        }
      }
    },
    "k3d@latest": {
      "last_modified": "2024-05-22T06:18:38Z",
      "resolved": "github:NixOS/nixpkgs/3f316d2a50699a78afe5e77ca486ad553169061e#k3d",
      "source": "devbox-search",
      "version": "5.6.0",
      "systems": {
        "aarch64-darwin": {
          "outputs": [
            {
              "name": "out",
              "path": "/nix/store/a4d4d7ka5ildhaka5xadgdmwj2cvsf8f-k3d-5.6.0",
              "default": true
            }
          ],
          "store_path": "/nix/store/a4d4d7ka5ildhaka5xadgdmwj2cvsf8f-k3d-5.6.0"
        },
        "aarch64-linux": {
          "outputs": [
            {
              "name": "out",
              "path": "/nix/store/jxf03mbnmsnqx5cxnb7rjyi53522yvdd-k3d-5.6.0",
              "default": true
            }
          ],
          "store_path": "/nix/store/jxf03mbnmsnqx5cxnb7rjyi53522yvdd-k3d-5.6.0"
        },
        "x86_64-darwin": {
          "outputs": [
            {
              "name": "out",
              "path": "/nix/store/zff5v5r2y1qab316sqxy502jbsscq62n-k3d-5.6.0",
              "default": true
            }
          ],
          "store_path": "/nix/store/zff5v5r2y1qab316sqxy502jbsscq62n-k3d-5.6.0"
        },
        "x86_64-linux": {
          "outputs": [
            {
              "name": "out",
              "path": "/nix/store/jdijhsd8hwimyiqqialva8yziix9vlcg-k3d-5.6.0",
              "default": true
            }
          ],
          "store_path": "/nix/store/jdijhsd8hwimyiqqialva8yziix9vlcg-k3d-5.6.0"
        }
      }
    },
    "kubectl@latest": {
      "last_modified": "2024-05-22T06:18:38Z",
      "resolved": "github:NixOS/nixpkgs/3f316d2a50699a78afe5e77ca486ad553169061e#kubectl",
      "source": "devbox-search",
      "version": "1.30.1",
      "systems": {
        "aarch64-darwin": {
          "outputs": [
            {
              "name": "out",
              "path": "/nix/store/qwfjmaq9pi6b52fy0p6r5h7bz3dsrd5a-kubectl-1.30.1",
              "default": true
            },
            {
              "name": "man",
              "path": "/nix/store/4j4zh6hc4r79dkhdpvmsj08ns0sidp3q-kubectl-1.30.1-man",
              "default": true
            },
            {
              "name": "convert",
              "path": "/nix/store/52cbngv6wrmzqjmgqca1jampmyhjavp3-kubectl-1.30.1-convert"
            }
          ],
          "store_path": "/nix/store/qwfjmaq9pi6b52fy0p6r5h7bz3dsrd5a-kubectl-1.30.1"
        },
        "aarch64-linux": {
          "outputs": [
            {
              "name": "out",
              "path": "/nix/store/3yz0b2jabnag1dp849di6pr44xska4v4-kubectl-1.30.1",
              "default": true
            },
            {
              "name": "man",
              "path": "/nix/store/x959virs4416haw91i31k8wx46vvcw7n-kubectl-1.30.1-man",
              "default": true
            },
            {
              "name": "convert",
              "path": "/nix/store/cg6i708y910v3s4z2syi9hgzbvppn3rv-kubectl-1.30.1-convert"
            }
          ],
          "store_path": "/nix/store/3yz0b2jabnag1dp849di6pr44xska4v4-kubectl-1.30.1"
        },
        "x86_64-darwin": {
          "outputs": [
            {
              "name": "out",
              "path": "/nix/store/jmsb2gahggm22x0mch7avnxxplfh6skj-kubectl-1.30.1",
              "default": true
            },
            {
              "name": "man",
              "path": "/nix/store/186kmibnzsk182mi81fbxz4cq3ra43bw-kubectl-1.30.1-man",
              "default": true
            },
            {
              "name": "convert",
              "path": "/nix/store/3qz8sqvf7bjhpw7m0dr531qbr8cfyr7w-kubectl-1.30.1-convert"
            }
          ],
          "store_path": "/nix/store/jmsb2gahggm22x0mch7avnxxplfh6skj-kubectl-1.30.1"
        },
        "x86_64-linux": {
          "outputs": [
            {
              "name": "out",
              "path": "/nix/store/05k95p72niq1gh39gv1g9n0ivsgl4hiy-kubectl-1.30.1",
              "default": true
            },
            {
              "name": "man",
              "path": "/nix/store/5vr6jxqx0al48cv8ryxr003f4f4f1h65-kubectl-1.30.1-man",
              "default": true
            },
            {
              "name": "convert",
              "path": "/nix/store/5jaykj68b06p6mfhmgy6ghmy0wmm9yp5-kubectl-1.30.1-convert"
            }
          ],
          "store_path": "/nix/store/05k95p72niq1gh39gv1g9n0ivsgl4hiy-kubectl-1.30.1"
        }
      }
    },
    "kubernetes-helm@latest": {
      "last_modified": "2024-05-24T22:06:51Z",
      "resolved": "github:NixOS/nixpkgs/1a9df4f74273f90d04e621e8516777efcec2802a#kubernetes-helm",
      "source": "devbox-search",
      "version": "3.15.1",
      "systems": {
        "aarch64-darwin": {
          "outputs": [
            {
              "name": "out",
              "path": "/nix/store/nipci6fqwxvyz3bcq63mz4svi5bvcpb6-kubernetes-helm-3.15.1",
              "default": true
            }
          ],
          "store_path": "/nix/store/nipci6fqwxvyz3bcq63mz4svi5bvcpb6-kubernetes-helm-3.15.1"
        },
        "aarch64-linux": {
          "outputs": [
            {
              "name": "out",
              "path": "/nix/store/axp4ixbbbxhg8f630cj6rvxjdjbx99pw-kubernetes-helm-3.15.1",
              "default": true
            }
          ],
          "store_path": "/nix/store/axp4ixbbbxhg8f630cj6rvxjdjbx99pw-kubernetes-helm-3.15.1"
        },
        "x86_64-darwin": {
          "outputs": [
            {
              "name": "out",
              "path": "/nix/store/rvdcn0nsid05i4ardmvgn38bd1fkk9rw-kubernetes-helm-3.15.1",
              "default": true
            }
          ],
          "store_path": "/nix/store/rvdcn0nsid05i4ardmvgn38bd1fkk9rw-kubernetes-helm-3.15.1"
        },
        "x86_64-linux": {
          "outputs": [
            {
              "name": "out",
              "path": "/nix/store/i24nairmnj41aq4w6x7fp8wjrcd15i13-kubernetes-helm-3.15.1",
              "default": true
            }
          ],
          "store_path": "/nix/store/i24nairmnj41aq4w6x7fp8wjrcd15i13-kubernetes-helm-3.15.1"
        }
      }
    },
    "lima-bin@latest": {
      "last_modified": "2024-05-23T08:10:22Z",
      "resolved": "github:NixOS/nixpkgs/3305b2b25e4ae4baee872346eae133cf6f611783#lima-bin",
      "source": "devbox-search",
      "version": "0.21.0",
      "systems": {
        "aarch64-darwin": {
          "outputs": [
            {
              "name": "out",
              "path": "/nix/store/zfpj6rywmm7x6z64gfgqrzmhccm55imq-lima-0.21.0",
              "default": true
            }
          ],
          "store_path": "/nix/store/zfpj6rywmm7x6z64gfgqrzmhccm55imq-lima-0.21.0"
        },
        "aarch64-linux": {
          "outputs": [
            {
              "name": "out",
              "path": "/nix/store/j48ffli9p0m0v1g3dpv11rc01am01r5b-lima-0.21.0",
              "default": true
            }
          ],
          "store_path": "/nix/store/j48ffli9p0m0v1g3dpv11rc01am01r5b-lima-0.21.0"
        },
        "x86_64-darwin": {
          "outputs": [
            {
              "name": "out",
              "path": "/nix/store/9jpx7fsnsrlfq333zz67jkphrlkcf25l-lima-0.21.0",
              "default": true
            }
          ],
          "store_path": "/nix/store/9jpx7fsnsrlfq333zz67jkphrlkcf25l-lima-0.21.0"
        },
        "x86_64-linux": {
          "outputs": [
            {
              "name": "out",
              "path": "/nix/store/f2n0m3g5k9ba9y2l82shq3vzisarppmy-lima-0.21.0",
              "default": true
            }
          ],
          "store_path": "/nix/store/f2n0m3g5k9ba9y2l82shq3vzisarppmy-lima-0.21.0"
        }
      }
    },
    "yq-go@latest": {
      "last_modified": "2024-05-22T06:18:38Z",
      "resolved": "github:NixOS/nixpkgs/3f316d2a50699a78afe5e77ca486ad553169061e#yq-go",
      "source": "devbox-search",
      "version": "4.44.1",
      "systems": {
        "aarch64-darwin": {
          "outputs": [
            {
              "name": "out",
              "path": "/nix/store/0hzb7ak6grlpczn4m2f5alsr2axq5r02-yq-go-4.44.1",
              "default": true
            }
          ],
          "store_path": "/nix/store/0hzb7ak6grlpczn4m2f5alsr2axq5r02-yq-go-4.44.1"
        },
        "aarch64-linux": {
          "outputs": [
            {
              "name": "out",
              "path": "/nix/store/l8qd3js7vw3hx46w00wp184s5vn362bq-yq-go-4.44.1",
              "default": true
            }
          ],
          "store_path": "/nix/store/l8qd3js7vw3hx46w00wp184s5vn362bq-yq-go-4.44.1"
        },
        "x86_64-darwin": {
          "outputs": [
            {
              "name": "out",
              "path": "/nix/store/iidz7v5cnrx6h2bgcp6jaikn60gmpy7a-yq-go-4.44.1",
              "default": true
            }
          ],
          "store_path": "/nix/store/iidz7v5cnrx6h2bgcp6jaikn60gmpy7a-yq-go-4.44.1"
        },
        "x86_64-linux": {
          "outputs": [
            {
              "name": "out",
              "path": "/nix/store/lq5kcj0059n9ig591s32fpc1pbfjrsa4-yq-go-4.44.1",
              "default": true
            }
          ],
          "store_path": "/nix/store/lq5kcj0059n9ig591s32fpc1pbfjrsa4-yq-go-4.44.1"
        }
      }
    }
  }
}
